
Microsoft Visual Studio Solution File, Format Version 12.00
# Visual Studio 2012
Project("{8BC9CEB8-8B4A-11D0-8D11-00A0C91BC942}") = "iroom", "iroom\iroom.vcxproj", "{54C5B755-A2EF-40D6-824B-7CE32C66C104}"
EndProject
Global
	GlobalSection(SolutionConfigurationPlatforms) = preSolution
		Debug|Win32 = Debug|Win32
		Debug|x64 = Debug|x64
		Release|Win32 = Release|Win32
		Release|x64 = Release|x64
	EndGlobalSection
	GlobalSection(ProjectConfigurationPlatforms) = postSolution
		{54C5B755-A2EF-40D6-824B-7CE32C66C104}.Debug|Win32.ActiveCfg = Debug|Win32
		{54C5B755-A2EF-40D6-824B-7CE32C66C104}.Debug|Win32.Build.0 = Debug|Win32
		{54C5B755-A2EF-40D6-824B-7CE32C66C104}.Debug|x64.ActiveCfg = Debug|x64
		{54C5B755-A2EF-40D6-824B-7CE32C66C104}.Debug|x64.Build.0 = Debug|x64
		{54C5B755-A2EF-40D6-824B-7CE32C66C104}.Release|Win32.ActiveCfg = Release|Win32
		{54C5B755-A2EF-40D6-824B-7CE32C66C104}.Release|Win32.Build.0 = Release|Win32
		{54C5B755-A2EF-40D6-824B-7CE32C66C104}.Release|x64.ActiveCfg = Release|x64
		{54C5B755-A2EF-40D6-824B-7CE32C66C104}.Release|x64.Build.0 = Release|x64
	EndGlobalSection
	GlobalSection(SolutionProperties) = preSolution
		HideSolutionNode = FALSE
	EndGlobalSection
EndGlobal
